
Microsoft Visual Studio Solution File, Format Version 12.00
# Visual Studio 2012
Project("{FAE04EC0-301F-11D3-BF4B-00C04F79EFBC}") = "ConsoleReporter", "ConsoleReporter\ConsoleReporter.csproj", "{2DEA0D3F-E52F-4719-9B33-57F21D6735F5}"
EndProject
Project("{FAE04EC0-301F-11D3-BF4B-00C04F79EFBC}") = "PaperRounder.Acceptance.Test", "PaperRounder.Acceptance.Test\PaperRounder.Acceptance.Test.csproj", "{F5110AAB-F351-4E50-A39C-095A23D58F15}"
EndProject
Project("{FAE04EC0-301F-11D3-BF4B-00C04F79EFBC}") = "StreetReporter", "StreetReporter\StreetReporter.csproj", "{C4D9770D-73D1-4431-B26E-B070F1CF5E7F}"
EndProject
Global
	GlobalSection(SolutionConfigurationPlatforms) = preSolution
		Debug|Any CPU = Debug|Any CPU
		Release|Any CPU = Release|Any CPU
	EndGlobalSection
	GlobalSection(ProjectConfigurationPlatforms) = postSolution
		{2DEA0D3F-E52F-4719-9B33-57F21D6735F5}.Debug|Any CPU.ActiveCfg = Debug|Any CPU
		{2DEA0D3F-E52F-4719-9B33-57F21D6735F5}.Debug|Any CPU.Build.0 = Debug|Any CPU
		{2DEA0D3F-E52F-4719-9B33-57F21D6735F5}.Release|Any CPU.ActiveCfg = Release|Any CPU
		{2DEA0D3F-E52F-4719-9B33-57F21D6735F5}.Release|Any CPU.Build.0 = Release|Any CPU
		{F5110AAB-F351-4E50-A39C-095A23D58F15}.Debug|Any CPU.ActiveCfg = Debug|Any CPU
		{F5110AAB-F351-4E50-A39C-095A23D58F15}.Debug|Any CPU.Build.0 = Debug|Any CPU
		{F5110AAB-F351-4E50-A39C-095A23D58F15}.Release|Any CPU.ActiveCfg = Release|Any CPU
		{F5110AAB-F351-4E50-A39C-095A23D58F15}.Release|Any CPU.Build.0 = Release|Any CPU
		{C4D9770D-73D1-4431-B26E-B070F1CF5E7F}.Debug|Any CPU.ActiveCfg = Debug|Any CPU
		{C4D9770D-73D1-4431-B26E-B070F1CF5E7F}.Debug|Any CPU.Build.0 = Debug|Any CPU
		{C4D9770D-73D1-4431-B26E-B070F1CF5E7F}.Release|Any CPU.ActiveCfg = Release|Any CPU
		{C4D9770D-73D1-4431-B26E-B070F1CF5E7F}.Release|Any CPU.Build.0 = Release|Any CPU
	EndGlobalSection
	GlobalSection(SolutionProperties) = preSolution
		HideSolutionNode = FALSE
	EndGlobalSection
EndGlobal
